
Microsoft Visual Studio Solution File, Format Version 12.00
# Visual Studio 15
VisualStudioVersion = 15.0.27004.2009
MinimumVisualStudioVersion = 10.0.40219.1
Project("{FAE04EC0-301F-11D3-BF4B-00C04F79EFBC}") = "umbracoPINS", "umbracoPINS\umbracoPINS.csproj", "{849520A1-0B9D-40BB-ADA2-6072A113A28F}"
EndProject
Global
	GlobalSection(SolutionConfigurationPlatforms) = preSolution
		Debug|Any CPU = Debug|Any CPU
		Release|Any CPU = Release|Any CPU
	EndGlobalSection
	GlobalSection(ProjectConfigurationPlatforms) = postSolution
		{849520A1-0B9D-40BB-ADA2-6072A113A28F}.Debug|Any CPU.ActiveCfg = Debug|Any CPU
		{849520A1-0B9D-40BB-ADA2-6072A113A28F}.Debug|Any CPU.Build.0 = Debug|Any CPU
		{849520A1-0B9D-40BB-ADA2-6072A113A28F}.Release|Any CPU.ActiveCfg = Release|Any CPU
		{849520A1-0B9D-40BB-ADA2-6072A113A28F}.Release|Any CPU.Build.0 = Release|Any CPU
	EndGlobalSection
	GlobalSection(SolutionProperties) = preSolution
		HideSolutionNode = FALSE
	EndGlobalSection
	GlobalSection(ExtensibilityGlobals) = postSolution
		SolutionGuid = {3336A822-6D0E-4E34-9FE8-33C21F379CF0}
	EndGlobalSection
EndGlobal
